
Microsoft Visual Studio Solution File, Format Version 12.00
# Visual Studio 15
VisualStudioVersion = 15.0.28307.106
MinimumVisualStudioVersion = 10.0.40219.1
Project("{FAE04EC0-301F-11D3-BF4B-00C04F79EFBC}") = "WindowsFormsApp9", "WindowsFormsApp9\WindowsFormsApp9.csproj", "{FA048F7D-F162-4865-BB99-632A9463C4E3}"
EndProject
Global
	GlobalSection(SolutionConfigurationPlatforms) = preSolution
		Debug|Any CPU = Debug|Any CPU
		Release|Any CPU = Release|Any CPU
	EndGlobalSection
	GlobalSection(ProjectConfigurationPlatforms) = postSolution
		{FA048F7D-F162-4865-BB99-632A9463C4E3}.Debug|Any CPU.ActiveCfg = Debug|Any CPU
		{FA048F7D-F162-4865-BB99-632A9463C4E3}.Debug|Any CPU.Build.0 = Debug|Any CPU
		{FA048F7D-F162-4865-BB99-632A9463C4E3}.Release|Any CPU.ActiveCfg = Release|Any CPU
		{FA048F7D-F162-4865-BB99-632A9463C4E3}.Release|Any CPU.Build.0 = Release|Any CPU
	EndGlobalSection
	GlobalSection(SolutionProperties) = preSolution
		HideSolutionNode = FALSE
	EndGlobalSection
	GlobalSection(ExtensibilityGlobals) = postSolution
		SolutionGuid = {57FF7058-1887-4160-80E4-7D335E3E6E93}
	EndGlobalSection
EndGlobal
